
Microsoft Visual Studio Solution File, Format Version 12.00
# Visual Studio 14
VisualStudioVersion = 14.0.23107.0
MinimumVisualStudioVersion = 10.0.40219.1
Project("{FAE04EC0-301F-11D3-BF4B-00C04F79EFBC}") = "project_euler_3", "project_euler_3\project_euler_3.csproj", "{B8A325A3-B5D0-4E73-9E11-AEACE66AF4AF}"
EndProject
Global
	GlobalSection(SolutionConfigurationPlatforms) = preSolution
		Debug|Any CPU = Debug|Any CPU
		Release|Any CPU = Release|Any CPU
	EndGlobalSection
	GlobalSection(ProjectConfigurationPlatforms) = postSolution
		{B8A325A3-B5D0-4E73-9E11-AEACE66AF4AF}.Debug|Any CPU.ActiveCfg = Debug|Any CPU
		{B8A325A3-B5D0-4E73-9E11-AEACE66AF4AF}.Debug|Any CPU.Build.0 = Debug|Any CPU
		{B8A325A3-B5D0-4E73-9E11-AEACE66AF4AF}.Release|Any CPU.ActiveCfg = Release|Any CPU
		{B8A325A3-B5D0-4E73-9E11-AEACE66AF4AF}.Release|Any CPU.Build.0 = Release|Any CPU
	EndGlobalSection
	GlobalSection(SolutionProperties) = preSolution
		HideSolutionNode = FALSE
	EndGlobalSection
EndGlobal
