
Microsoft Visual Studio Solution File, Format Version 12.00
# Visual Studio 14
VisualStudioVersion = 14.0.23107.0
MinimumVisualStudioVersion = 10.0.40219.1
Project("{FAE04EC0-301F-11D3-BF4B-00C04F79EFBC}") = "project_euler_20", "project_euler_20\project_euler_20.csproj", "{708BA0A1-A9B4-43FE-A9B1-90398167E542}"
EndProject
Global
	GlobalSection(SolutionConfigurationPlatforms) = preSolution
		Debug|Any CPU = Debug|Any CPU
		Release|Any CPU = Release|Any CPU
	EndGlobalSection
	GlobalSection(ProjectConfigurationPlatforms) = postSolution
		{708BA0A1-A9B4-43FE-A9B1-90398167E542}.Debug|Any CPU.ActiveCfg = Debug|Any CPU
		{708BA0A1-A9B4-43FE-A9B1-90398167E542}.Debug|Any CPU.Build.0 = Debug|Any CPU
		{708BA0A1-A9B4-43FE-A9B1-90398167E542}.Release|Any CPU.ActiveCfg = Release|Any CPU
		{708BA0A1-A9B4-43FE-A9B1-90398167E542}.Release|Any CPU.Build.0 = Release|Any CPU
	EndGlobalSection
	GlobalSection(SolutionProperties) = preSolution
		HideSolutionNode = FALSE
	EndGlobalSection
EndGlobal
