
Microsoft Visual Studio Solution File, Format Version 12.00
# Visual Studio 14
VisualStudioVersion = 14.0.23107.0
MinimumVisualStudioVersion = 10.0.40219.1
Project("{FAE04EC0-301F-11D3-BF4B-00C04F79EFBC}") = "project_euler_92", "project_euler_92\project_euler_92.csproj", "{B8B6D6F0-23C4-4BE3-82C5-B043C663484D}"
EndProject
Global
	GlobalSection(SolutionConfigurationPlatforms) = preSolution
		Debug|Any CPU = Debug|Any CPU
		Release|Any CPU = Release|Any CPU
	EndGlobalSection
	GlobalSection(ProjectConfigurationPlatforms) = postSolution
		{B8B6D6F0-23C4-4BE3-82C5-B043C663484D}.Debug|Any CPU.ActiveCfg = Debug|Any CPU
		{B8B6D6F0-23C4-4BE3-82C5-B043C663484D}.Debug|Any CPU.Build.0 = Debug|Any CPU
		{B8B6D6F0-23C4-4BE3-82C5-B043C663484D}.Release|Any CPU.ActiveCfg = Release|Any CPU
		{B8B6D6F0-23C4-4BE3-82C5-B043C663484D}.Release|Any CPU.Build.0 = Release|Any CPU
	EndGlobalSection
	GlobalSection(SolutionProperties) = preSolution
		HideSolutionNode = FALSE
	EndGlobalSection
EndGlobal
